{
    "_meta": {
        "hash": {
            "sha256": "c114b0a1d33f9f2269e003d88c6dccf362b1532e385f4e3fe1457a9650e5ebf9"
        },
        "pipfile-spec": 6,
        "requires": {
            "python_version": "3.10"
        },
        "sources": [
            {
                "name": "pypi",
                "url": "https://pypi.org/simple",
                "verify_ssl": true
            }
        ]
    },
    "default": {
        "injector": {
            "hashes": [
                "sha256:8661b49a2f8309ce61e3a6a82b7acb5e225c4bde8e17d1610c893a670dff223a",
                "sha256:f8fc5994176a8cf6b0455a8d1558c588733474ef17795553464e7e9d2f94eaf5"
            ],
            "index": "pypi",
            "version": "==0.20.1"
        },
        "plum-dispatch": {
            "hashes": [
                "sha256:1c1d15b2842b5fa98405fd3dff6fad4887bdc77b60bd200e209d76ebfe9990fe",
                "sha256:c40dbeab269bbbf972ce0dbc078380da19ebaee1a370a2c564e1814a11bde216"
            ],
            "index": "pypi",
            "version": "==1.7.4"
        },
        "pyhamcrest": {
            "hashes": [
                "sha256:60a41d4783b9d56c9ec8586635d2301db5072b3ea8a51c32dd03c408ae2b0f79",
                "sha256:b5d9ce6b977696286cf232ce2adf8969b4d0b045975b0936ac9005e84e67e9c1"
            ],
            "index": "pypi",
            "version": "==2.0.4"
        },
        "pyprctl": {
            "hashes": [
                "sha256:1fb54d3ab030ec02e4afc38fb9662d6634c12834e91ae7959de56a9c09f69c26",
                "sha256:6302e5114f078fb33e5799835d0a69e2fc180bb6b28ad073515fa40c5272f1dd"
            ],
            "index": "pypi",
            "version": "==0.1.3"
        },
        "uuid": {
            "hashes": [
                "sha256:1f87cc004ac5120466f36c5beae48b4c48cc411968eed0eaecd3da82aa96193f"
            ],
            "index": "pypi",
            "version": "==1.30"
        }
    },
    "develop": {
        "attrs": {
            "hashes": [
                "sha256:29adc2665447e5191d0e7c568fde78b21f9672d344281d0c6e1ab085429b22b6",
                "sha256:86efa402f67bf2df34f51a335487cf46b1ec130d02b8d39fd248abfd30da551c"
            ],
            "markers": "python_version >= '3.5'",
            "version": "==22.1.0"
        },
        "cached-property": {
            "hashes": [
                "sha256:9fa5755838eecbb2d234c3aa390bd80fbd3ac6b6869109bfc1b499f7bd89a130",
                "sha256:df4f613cf7ad9a588cc381aaf4a512d26265ecebd5eb9e1ba12f1319eb85a6a0"
            ],
            "version": "==1.5.2"
        },
        "cerberus": {
            "hashes": [
                "sha256:d1b21b3954b2498d9a79edf16b3170a3ac1021df88d197dc2ce5928ba519237c"
            ],
            "version": "==1.3.4"
        },
        "certifi": {
            "hashes": [
                "sha256:0d9c601124e5a6ba9712dbc60d9c53c21e34f5f641fe83002317394311bdce14",
                "sha256:90c1a32f1d68f940488354e36370f6cca89f0f106db09518524c88d6ed83f382"
            ],
            "markers": "python_version >= '3.6'",
            "version": "==2022.9.24"
        },
        "chardet": {
            "hashes": [
                "sha256:0368df2bfd78b5fc20572bb4e9bb7fb53e2c094f60ae9993339e8671d0afb8aa",
                "sha256:d3e64f022d254183001eccc5db4040520c0f23b1a3f33d6413e099eb7f126557"
            ],
            "markers": "python_version >= '3.6'",
            "version": "==5.0.0"
        },
        "charset-normalizer": {
            "hashes": [
                "sha256:5a3d016c7c547f69d6f81fb0db9449ce888b418b5b9952cc5e6e66843e9dd845",
                "sha256:83e9a75d1911279afd89352c68b45348559d1fc0506b054b346651b5e7fee29f"
            ],
            "markers": "python_full_version >= '3.6.0'",
            "version": "==2.1.1"
        },
        "colorama": {
            "hashes": [
                "sha256:08695f5cb7ed6e0531a20572697297273c47b8cae5a63ffc6d6ed5c201be6e44",
                "sha256:4f1d9991f5acc0ca119f9d443620b77f9d6b33703e51011c16baf57afb285fc6"
            ],
            "markers": "python_version >= '2.7' and python_version not in '3.0, 3.1, 3.2, 3.3, 3.4, 3.5, 3.6'",
            "version": "==0.4.6"
        },
        "distlib": {
            "hashes": [
                "sha256:14bad2d9b04d3a36127ac97f30b12a19268f211063d8f8ee4f47108896e11b46",
                "sha256:f35c4b692542ca110de7ef0bea44d73981caeb34ca0b9b6b2e6d7790dda8f80e"
            ],
            "version": "==0.3.6"
        },
        "idna": {
            "hashes": [
                "sha256:814f528e8dead7d329833b91c5faa87d60bf71824cd12a7530b5526063d02cb4",
                "sha256:90b77e79eaa3eba6de819a0c442c0b4ceefc341a7a2ab77d7562bf49f425c5c2"
            ],
            "markers": "python_version >= '3.5'",
            "version": "==3.4"
        },
        "markdown": {
            "hashes": [
                "sha256:08fb8465cffd03d10b9dd34a5c3fea908e20391a2a90b88d66362cb05beed186",
                "sha256:3b809086bb6efad416156e00a0da66fe47618a5d6918dd688f53f40c8e4cfeff"
            ],
            "markers": "python_version >= '3.7'",
            "version": "==3.4.1"
        },
        "orderedmultidict": {
            "hashes": [
                "sha256:04070bbb5e87291cc9bfa51df413677faf2141c73c61d2a5f7b26bea3cd882ad",
                "sha256:43c839a17ee3cdd62234c47deca1a8508a3f2ca1d0678a3bf791c87cf84adbf3"
            ],
            "version": "==1.0.1"
        },
        "packaging": {
            "hashes": [
                "sha256:5b327ac1320dc863dca72f4514ecc086f31186744b84a230374cc1fd776feae5",
                "sha256:67714da7f7bc052e064859c05c595155bd1ee9f69f76557e21f051443c20947a"
            ],
            "markers": "python_version >= '2.7' and python_version not in '3.0, 3.1, 3.2, 3.3'",
            "version": "==20.9"
        },
        "parameterized": {
            "hashes": [
                "sha256:41bbff37d6186430f77f900d777e5bb6a24928a1c46fb1de692f8b52b8833b5c",
                "sha256:9cbb0b69a03e8695d68b3399a8a5825200976536fe1cb79db60ed6a4c8c9efe9"
            ],
            "index": "pypi",
            "version": "==0.8.1"
        },
        "pep517": {
            "hashes": [
                "sha256:4ba4446d80aed5b5eac6509ade100bff3e7943a8489de249654a5ae9b33ee35b",
                "sha256:ae69927c5c172be1add9203726d4b84cf3ebad1edcd5f71fcdc746e66e829f59"
            ],
            "markers": "python_version >= '3.6'",
            "version": "==0.13.0"
        },
        "pip": {
            "hashes": [
                "sha256:65fd48317359f3af8e593943e6ae1506b66325085ea64b706a998c6e83eeaf38",
                "sha256:908c78e6bc29b676ede1c4d57981d490cb892eb45cd8c214ab6298125119e077"
            ],
            "markers": "python_version >= '3.7'",
            "version": "==22.3.1"
        },
        "pip-shims": {
            "hashes": [
                "sha256:089e3586a92b1b8dbbc16b2d2859331dc1c412d3e3dbcd91d80e6b30d73db96c",
                "sha256:2ae9f21c0155ca5c37d2734eb5f9a7d98c4c42a122d1ba3eddbacc9d9ea9fbae"
            ],
            "markers": "python_version >= '3.6'",
            "version": "==0.7.3"
        },
        "pipenv-setup": {
            "hashes": [
                "sha256:0def7ec3363f58b38a43dc59b2078fcee67b47301fd51a41b8e34e6f79812b1a",
                "sha256:6ceda7145a3088494d8ca68fded4b0473022dc62eb786a021c137632c44298b5"
            ],
            "index": "pypi",
            "version": "==3.2.0"
        },
        "pipfile": {
            "hashes": [
                "sha256:f7d9f15de8b660986557eb3cc5391aa1a16207ac41bc378d03f414762d36c984"
            ],
            "version": "==0.0.2"
        },
        "platformdirs": {
            "hashes": [
                "sha256:1006647646d80f16130f052404c6b901e80ee4ed6bef6792e1f238a8969106f7",
                "sha256:af0276409f9a02373d540bf8480021a048711d572745aef4b7842dad245eba10"
            ],
            "markers": "python_version >= '3.7'",
            "version": "==2.5.4"
        },
        "plette": {
            "extras": [
                "validation"
            ],
            "hashes": [
                "sha256:7bf014ff695d8badf5a058227db0f0bd1fa7ffd6e54ad8b851bc36c20a4a7894",
                "sha256:e4dc4a05bfce68d6f6b8d1ccd6e8957ecf4ed6707e8d32f7188b6e628526644e"
            ],
            "markers": "python_version >= '3.7'",
            "version": "==0.4.2"
        },
        "pycco": {
            "hashes": [
                "sha256:087fd95721ebab8b8bddefa7030ffb0f87db8e7cd48007cb83ce9342b6cc2c9f",
                "sha256:70c217ef65946ccb4b76cf1f3a4236601619321046044e163d72ebaccc8ba17e",
                "sha256:f8dae44b65aaab1f6d958200eda542ba4ddd96531245e64fdb793b1b47aa774c"
            ],
            "index": "pypi",
            "version": "==0.6.0"
        },
        "pygments": {
            "hashes": [
                "sha256:56a8508ae95f98e2b9bdf93a6be5ae3f7d8af858b43e02c5a2ff083726be40c1",
                "sha256:f643f331ab57ba3c9d89212ee4a2dabc6e94f117cf4eefde99a0574720d14c42"
            ],
            "markers": "python_version >= '3.6'",
            "version": "==2.13.0"
        },
        "pyparsing": {
            "hashes": [
                "sha256:c203ec8783bf771a155b207279b9bccb8dea02d8f0c9e5f8ead507bc3246ecc1",
                "sha256:ef9d7589ef3c200abe66653d3f1ab1033c3c419ae9b9bdb1240a85b024efc88b"
            ],
            "markers": "python_version >= '2.6' and python_version not in '3.0, 3.1, 3.2, 3.3'",
            "version": "==2.4.7"
        },
        "pystache": {
            "hashes": [
                "sha256:93bf92b2149a4c4b58d12142e2c4c6dd5c08d89e4c95afccd4b6efe2ee1d470d"
            ],
            "version": "==0.6.0"
        },
        "python-dateutil": {
            "hashes": [
                "sha256:0123cacc1627ae19ddf3c27a5de5bd67ee4586fbdd6440d9748f8abb483d3e86",
                "sha256:961d03dc3453ebbc59dbdea9e4e11c5651520a876d0f4db161e8674aae935da9"
            ],
            "markers": "python_version >= '2.7' and python_version not in '3.0, 3.1, 3.2, 3.3'",
            "version": "==2.8.2"
        },
        "requests": {
            "hashes": [
                "sha256:7c5599b102feddaa661c826c56ab4fee28bfd17f5abca1ebbe3e7f19d7c97983",
                "sha256:8fefa2a1a1365bf5520aac41836fbee479da67864514bdb821f31ce07ce65349"
            ],
            "markers": "python_version >= '3.7' and python_version < '4'",
            "version": "==2.28.1"
        },
        "requirementslib": {
            "hashes": [
                "sha256:28924cf11a2fa91adb03f8431d80c2a8c3dc386f1c48fb2be9a58e4c39072354",
                "sha256:d26ec6ad45e1ffce9532303543996c9c71a99dc65f783908f112e3f2aae7e49c"
            ],
            "markers": "python_version >= '3.7'",
            "version": "==1.6.9"
        },
        "setuptools": {
            "hashes": [
                "sha256:57f6f22bde4e042978bcd50176fdb381d7c21a9efa4041202288d3737a0c6a54",
                "sha256:a7620757bf984b58deaf32fc8a4577a9bbc0850cf92c20e1ce41c38c19e5fb75"
            ],
            "markers": "python_version >= '3.7'",
            "version": "==65.6.3"
        },
        "six": {
            "hashes": [
                "sha256:1e61c37477a1626458e36f7b1d82aa5c9b094fa4802892072e49de9c60c4c926",
                "sha256:8abb2f1d86890a2dfb989f9a77cfcfd3e47c2a354b01111771326f8aa26e0254"
            ],
            "markers": "python_version >= '2.7' and python_version not in '3.0, 3.1, 3.2, 3.3'",
            "version": "==1.16.0"
        },
        "smartypants": {
            "hashes": [
                "sha256:8db97f7cbdf08d15b158a86037cd9e116b4cf37703d24e0419a0d64ca5808f0d"
            ],
            "version": "==2.0.1"
        },
        "toml": {
            "hashes": [
                "sha256:806143ae5bfb6a3c6e736a764057db0e6a0e05e338b5630894a5f779cabb4f9b",
                "sha256:b3bda1d108d5dd99f4a20d24d9c348e91c4db7ab1b749200bded2f839ccbe68f"
            ],
            "markers": "python_version >= '2.6' and python_version not in '3.0, 3.1, 3.2, 3.3'",
            "version": "==0.10.2"
        },
        "tomli": {
            "hashes": [
                "sha256:939de3e7a6161af0c887ef91b7d41a53e7c5a1ca976325f429cb46ea9bc30ecc",
                "sha256:de526c12914f0c550d15924c62d72abc48d6fe7364aa87328337a31007fe8a4f"
            ],
            "markers": "python_version < '3.11'",
            "version": "==2.0.1"
        },
        "tomlkit": {
            "hashes": [
                "sha256:07de26b0d8cfc18f871aec595fda24d95b08fef89d147caa861939f37230bf4b",
                "sha256:71b952e5721688937fb02cf9d354dbcf0785066149d2855e44531ebdd2b65d73"
            ],
            "markers": "python_version >= '3.6'",
            "version": "==0.11.6"
        },
        "urllib3": {
            "hashes": [
                "sha256:47cc05d99aaa09c9e72ed5809b60e7ba354e64b59c9c173ac3018642d8bb41fc",
                "sha256:c083dd0dce68dbfbe1129d5271cb90f9447dea7d52097c6e0126120c521ddea8"
            ],
            "markers": "python_version >= '2.7' and python_version not in '3.0, 3.1, 3.2, 3.3, 3.4, 3.5'",
            "version": "==1.26.13"
        },
        "vistir": {
            "hashes": [
                "sha256:1a89a612fb667c26ed6b4ed415b01e0261e13200a350c43d1990ace0ef44d35b",
                "sha256:a8beb7643d07779cdda3941a08dad77d48de94883dbd3cb2b9b5ecb7eb7c0994"
            ],
            "index": "pypi",
            "version": "==0.6.1"
        },
        "watchdog": {
            "hashes": [
                "sha256:083171652584e1b8829581f965b9b7723ca5f9a2cd7e20271edf264cfd7c1412",
                "sha256:117ffc6ec261639a0209a3252546b12800670d4bf5f84fbd355957a0595fe654",
                "sha256:186f6c55abc5e03872ae14c2f294a153ec7292f807af99f57611acc8caa75306",
                "sha256:195fc70c6e41237362ba720e9aaf394f8178bfc7fa68207f112d108edef1af33",
                "sha256:226b3c6c468ce72051a4c15a4cc2ef317c32590d82ba0b330403cafd98a62cfd",
                "sha256:247dcf1df956daa24828bfea5a138d0e7a7c98b1a47cf1fa5b0c3c16241fcbb7",
                "sha256:255bb5758f7e89b1a13c05a5bceccec2219f8995a3a4c4d6968fe1de6a3b2892",
                "sha256:43ce20ebb36a51f21fa376f76d1d4692452b2527ccd601950d69ed36b9e21609",
                "sha256:4f4e1c4aa54fb86316a62a87b3378c025e228178d55481d30d857c6c438897d6",
                "sha256:5952135968519e2447a01875a6f5fc8c03190b24d14ee52b0f4b1682259520b1",
                "sha256:64a27aed691408a6abd83394b38503e8176f69031ca25d64131d8d640a307591",
                "sha256:6b17d302850c8d412784d9246cfe8d7e3af6bcd45f958abb2d08a6f8bedf695d",
                "sha256:70af927aa1613ded6a68089a9262a009fbdf819f46d09c1a908d4b36e1ba2b2d",
                "sha256:7a833211f49143c3d336729b0020ffd1274078e94b0ae42e22f596999f50279c",
                "sha256:8250546a98388cbc00c3ee3cc5cf96799b5a595270dfcfa855491a64b86ef8c3",
                "sha256:97f9752208f5154e9e7b76acc8c4f5a58801b338de2af14e7e181ee3b28a5d39",
                "sha256:9f05a5f7c12452f6a27203f76779ae3f46fa30f1dd833037ea8cbc2887c60213",
                "sha256:a735a990a1095f75ca4f36ea2ef2752c99e6ee997c46b0de507ba40a09bf7330",
                "sha256:ad576a565260d8f99d97f2e64b0f97a48228317095908568a9d5c786c829d428",
                "sha256:b530ae007a5f5d50b7fbba96634c7ee21abec70dc3e7f0233339c81943848dc1",
                "sha256:bfc4d351e6348d6ec51df007432e6fe80adb53fd41183716017026af03427846",
                "sha256:d3dda00aca282b26194bdd0adec21e4c21e916956d972369359ba63ade616153",
                "sha256:d9820fe47c20c13e3c9dd544d3706a2a26c02b2b43c993b62fcd8011bcc0adb3",
                "sha256:ed80a1628cee19f5cfc6bb74e173f1b4189eb532e705e2a13e3250312a62e0c9",
                "sha256:ee3e38a6cc050a8830089f79cbec8a3878ec2fe5160cdb2dc8ccb6def8552658"
            ],
            "index": "pypi",
            "version": "==2.1.9"
        },
        "wheel": {
            "hashes": [
                "sha256:965f5259b566725405b05e7cf774052044b1ed30119b5d586b2703aafe8719ac",
                "sha256:b60533f3f5d530e971d6737ca6d58681ee434818fab630c83a734bb10c083ce8"
            ],
            "markers": "python_version >= '3.7'",
            "version": "==0.38.4"
        }
    }
}
